
Microsoft Visual Studio Solution File, Format Version 12.00
# Visual Studio 2012
Project("{FAE04EC0-301F-11D3-BF4B-00C04F79EFBC}") = "SourceIndexingSharp", "SourceIndexingSharp\SourceIndexingSharp.csproj", "{C5D5A69D-DB36-4387-81FA-F572B934FB52}"
EndProject
Project("{FAE04EC0-301F-11D3-BF4B-00C04F79EFBC}") = "SourceIndexingSharp.Tests", "SourceIndexingSharp.Tests\SourceIndexingSharp.Tests.csproj", "{87F55377-8735-44A7-93B8-F4A8071E8F08}"
EndProject
Project("{FAE04EC0-301F-11D3-BF4B-00C04F79EFBC}") = "SourceIndexingSharp.Extractor", "SourceIndexingSharp.Extractor\SourceIndexingSharp.Extractor.csproj", "{C42F1276-D80B-4B29-B0BC-41099D1BAB4A}"
EndProject
Project("{FAE04EC0-301F-11D3-BF4B-00C04F79EFBC}") = "SourceIndexingSharp.Build", "SourceIndexingSharp.Build\SourceIndexingSharp.Build.csproj", "{3447CA92-C1C4-43FE-B9C0-8CA53F55E3C2}"
EndProject
Project("{2150E333-8FDC-42A3-9474-1A3956D46DE8}") = ".nuget", ".nuget", "{75E67F1F-D7AE-4C95-B8FD-EAC7CBEF0678}"
	ProjectSection(SolutionItems) = preProject
		.nuget\NuGet.Config = .nuget\NuGet.Config
		.nuget\NuGet.exe = .nuget\NuGet.exe
		.nuget\NuGet.targets = .nuget\NuGet.targets
	EndProjectSection
EndProject
Project("{2150E333-8FDC-42A3-9474-1A3956D46DE8}") = "Solution Items", "Solution Items", "{AACB83CC-ED6F-4A5D-AE42-2049815C7408}"
	ProjectSection(SolutionItems) = preProject
		GlobalAssemblyInfo.cs = GlobalAssemblyInfo.cs
	EndProjectSection
EndProject
Global
	GlobalSection(SolutionConfigurationPlatforms) = preSolution
		Debug|Any CPU = Debug|Any CPU
		Release|Any CPU = Release|Any CPU
	EndGlobalSection
	GlobalSection(ProjectConfigurationPlatforms) = postSolution
		{C5D5A69D-DB36-4387-81FA-F572B934FB52}.Debug|Any CPU.ActiveCfg = Debug|Any CPU
		{C5D5A69D-DB36-4387-81FA-F572B934FB52}.Debug|Any CPU.Build.0 = Debug|Any CPU
		{C5D5A69D-DB36-4387-81FA-F572B934FB52}.Release|Any CPU.ActiveCfg = Release|Any CPU
		{C5D5A69D-DB36-4387-81FA-F572B934FB52}.Release|Any CPU.Build.0 = Release|Any CPU
		{87F55377-8735-44A7-93B8-F4A8071E8F08}.Debug|Any CPU.ActiveCfg = Debug|Any CPU
		{87F55377-8735-44A7-93B8-F4A8071E8F08}.Debug|Any CPU.Build.0 = Debug|Any CPU
		{87F55377-8735-44A7-93B8-F4A8071E8F08}.Release|Any CPU.ActiveCfg = Release|Any CPU
		{87F55377-8735-44A7-93B8-F4A8071E8F08}.Release|Any CPU.Build.0 = Release|Any CPU
		{C42F1276-D80B-4B29-B0BC-41099D1BAB4A}.Debug|Any CPU.ActiveCfg = Debug|Any CPU
		{C42F1276-D80B-4B29-B0BC-41099D1BAB4A}.Debug|Any CPU.Build.0 = Debug|Any CPU
		{C42F1276-D80B-4B29-B0BC-41099D1BAB4A}.Release|Any CPU.ActiveCfg = Release|Any CPU
		{C42F1276-D80B-4B29-B0BC-41099D1BAB4A}.Release|Any CPU.Build.0 = Release|Any CPU
		{3447CA92-C1C4-43FE-B9C0-8CA53F55E3C2}.Debug|Any CPU.ActiveCfg = Debug|Any CPU
		{3447CA92-C1C4-43FE-B9C0-8CA53F55E3C2}.Debug|Any CPU.Build.0 = Debug|Any CPU
		{3447CA92-C1C4-43FE-B9C0-8CA53F55E3C2}.Release|Any CPU.ActiveCfg = Release|Any CPU
		{3447CA92-C1C4-43FE-B9C0-8CA53F55E3C2}.Release|Any CPU.Build.0 = Release|Any CPU
	EndGlobalSection
	GlobalSection(SolutionProperties) = preSolution
		HideSolutionNode = FALSE
	EndGlobalSection
EndGlobal
